{
  "name": "kyc_package",
  "version": "1.0.1",
  "lockfileVersion": 3,
  "requires": true,
  "packages": {
    "": {
      "name": "kyc_package",
      "version": "1.0.1",
      "license": "ISC",
      "dependencies": {
        "kyc_package": "^1.0.1"
      }
    },
    "node_modules/kyc_package": {
      "version": "1.0.1",
      "resolved": "https://registry.npmjs.org/kyc_package/-/kyc_package-1.0.1.tgz",
      "integrity": "sha512-jvn6nd1gMIjSTiR/fugNPJX0VjXApLr21Qe7kfHhPM0uFmz2hyAJ/q4H6LyMh91dhp6uSTnw5ksAXoEEsIrvTg==",
      "license": "ISC"
    }
  }
}
